{
  "name": "dashboard",
  "version": "1.0.0",
  "lockfileVersion": 3,
  "requires": true,
  "packages": {
    "": {
      "name": "dashboard",
      "version": "1.0.0",
      "license": "ISC",
      "dependencies": {
        "mock": "^0.1.1"
      }
    },
    "node_modules/mock": {
      "version": "0.1.1",
      "resolved": "https://registry.npmjs.org/mock/-/mock-0.1.1.tgz",
      "integrity": "sha512-eJcWbgoaFUcPqU0g6AcuPKxoe83f7IPALr+dTwCwBN4Iuj4UlLzPtzUlsIpbLVzaXU0CkxP8PvLWKKlFDYdyCw=="
    }
  }
}
